
Microsoft Visual Studio Solution File, Format Version 12.00
# Visual Studio Version 17
VisualStudioVersion = 17.13.35825.156
MinimumVisualStudioVersion = 10.0.40219.1
Project("{FAE04EC0-301F-11D3-BF4B-00C04F79EFBC}") = "CapaPresentacion", "CapaPresentacion\CapaPresentacion.csproj", "{553A4CB7-FB18-44E8-8E46-56D77D181183}"
EndProject
Project("{FAE04EC0-301F-11D3-BF4B-00C04F79EFBC}") = "CapaEntidad", "CapaEntidad\CapaEntidad.csproj", "{8BFA7E9C-AC69-4E48-BEC5-DD5DE3996B93}"
EndProject
Project("{FAE04EC0-301F-11D3-BF4B-00C04F79EFBC}") = "CapaNegocio", "CapaNegocio\CapaNegocio.csproj", "{7F3F0DFD-CEF0-4F7F-9420-D964E4FB22DD}"
EndProject
Project("{FAE04EC0-301F-11D3-BF4B-00C04F79EFBC}") = "CapaDatos", "CapaDatos\CapaDatos.csproj", "{5BF66CFD-3E85-48B0-96FE-9EC729EC5956}"
EndProject
Global
	GlobalSection(SolutionConfigurationPlatforms) = preSolution
		Debug|Any CPU = Debug|Any CPU
		Release|Any CPU = Release|Any CPU
	EndGlobalSection
	GlobalSection(ProjectConfigurationPlatforms) = postSolution
		{553A4CB7-FB18-44E8-8E46-56D77D181183}.Debug|Any CPU.ActiveCfg = Debug|Any CPU
		{553A4CB7-FB18-44E8-8E46-56D77D181183}.Debug|Any CPU.Build.0 = Debug|Any CPU
		{553A4CB7-FB18-44E8-8E46-56D77D181183}.Release|Any CPU.ActiveCfg = Release|Any CPU
		{553A4CB7-FB18-44E8-8E46-56D77D181183}.Release|Any CPU.Build.0 = Release|Any CPU
		{8BFA7E9C-AC69-4E48-BEC5-DD5DE3996B93}.Debug|Any CPU.ActiveCfg = Debug|Any CPU
		{8BFA7E9C-AC69-4E48-BEC5-DD5DE3996B93}.Debug|Any CPU.Build.0 = Debug|Any CPU
		{8BFA7E9C-AC69-4E48-BEC5-DD5DE3996B93}.Release|Any CPU.ActiveCfg = Release|Any CPU
		{8BFA7E9C-AC69-4E48-BEC5-DD5DE3996B93}.Release|Any CPU.Build.0 = Release|Any CPU
		{7F3F0DFD-CEF0-4F7F-9420-D964E4FB22DD}.Debug|Any CPU.ActiveCfg = Debug|Any CPU
		{7F3F0DFD-CEF0-4F7F-9420-D964E4FB22DD}.Debug|Any CPU.Build.0 = Debug|Any CPU
		{7F3F0DFD-CEF0-4F7F-9420-D964E4FB22DD}.Release|Any CPU.ActiveCfg = Release|Any CPU
		{7F3F0DFD-CEF0-4F7F-9420-D964E4FB22DD}.Release|Any CPU.Build.0 = Release|Any CPU
		{5BF66CFD-3E85-48B0-96FE-9EC729EC5956}.Debug|Any CPU.ActiveCfg = Debug|Any CPU
		{5BF66CFD-3E85-48B0-96FE-9EC729EC5956}.Debug|Any CPU.Build.0 = Debug|Any CPU
		{5BF66CFD-3E85-48B0-96FE-9EC729EC5956}.Release|Any CPU.ActiveCfg = Release|Any CPU
		{5BF66CFD-3E85-48B0-96FE-9EC729EC5956}.Release|Any CPU.Build.0 = Release|Any CPU
	EndGlobalSection
	GlobalSection(SolutionProperties) = preSolution
		HideSolutionNode = FALSE
	EndGlobalSection
	GlobalSection(ExtensibilityGlobals) = postSolution
		SolutionGuid = {A0199630-E515-4380-A294-E7B65AFD6BBF}
	EndGlobalSection
EndGlobal
